// !$*UTF8*$!
{
	archiveVersion = 1;
	classes = {
	};
	objectVersion = 56;
	objects = {

/* Begin PBXBuildFile section */
		F254EBA02FCA92E500ACBAAA /* galleryApp.swift in Sources */ = {isa = PBXBuildFile; fileRef = F254EB9F2FCA92E500ACBAAA /* galleryApp.swift */; };
		A10000000000000000000011 /* AppCore.swift in Sources */ = {isa = PBXBuildFile; fileRef = A10000000000000000000021 /* AppCore.swift */; };
		A10000000000000000000012 /* AppViews.swift in Sources */ = {isa = PBXBuildFile; fileRef = A10000000000000000000022 /* AppViews.swift */; };
		A10000000000000000000013 /* MLKitExpenseAssistant.swift in Sources */ = {isa = PBXBuildFile; fileRef = A10000000000000000000023 /* MLKitExpenseAssistant.swift */; };
		S00100000000000000000014 /* ShareExtension.appex in Embed App Extensions */ = {isa = PBXBuildFile; fileRef = S00100000000000000000020 /* ShareExtension.appex */; settings = {ATTRIBUTES = (RemoveHeadersOnCopy, ); }; };
		S00100000000000000000011 /* ShareViewController.swift in Sources */ = {isa = PBXBuildFile; fileRef = S00100000000000000000021 /* ShareViewController.swift */; };
		S00100000000000000000012 /* ShareExtension/Info.plist in Resources */ = {isa = PBXBuildFile; fileRef = S00100000000000000000022 /* ShareExtension/Info.plist */; };
		S00100000000000000000013 /* ShareExtension/ShareExtension.entitlements in Resources */ = {isa = PBXBuildFile; fileRef = S00100000000000000000023 /* ShareExtension/ShareExtension.entitlements */; };
		F254EBA22FCA92E500ACBAAA /* ContentView.swift in Sources */ = {isa = PBXBuildFile; fileRef = F254EBA12FCA92E500ACBAAA /* ContentView.swift */; };
		F254EBA42FCA92E600ACBAAA /* Assets.xcassets in Resources */ = {isa = PBXBuildFile; fileRef = F254EBA32FCA92E600ACBAAA /* Assets.xcassets */; };
		F254EBA72FCA92E600ACBAAA /* Preview Assets.xcassets in Resources */ = {isa = PBXBuildFile; fileRef = F254EBA62FCA92E600ACBAAA /* Preview Assets.xcassets */; };
		F254EBA92FCA92E600ACBAAA /* Persistence.swift in Sources */ = {isa = PBXBuildFile; fileRef = F254EBA82FCA92E600ACBAAA /* Persistence.swift */; };
		F254EBAC2FCA92E600ACBAAA /* gallery.xcdatamodeld in Sources */ = {isa = PBXBuildFile; fileRef = F254EBAA2FCA92E600ACBAAA /* gallery.xcdatamodeld */; };

		B10000000000000000000011 /* AddExpenseView.swift in Sources */ = {isa = PBXBuildFile; fileRef = B10000000000000000000021 /* Views/AddExpenseView.swift */; };
		B10000000000000000000011B /* AddExpenseFormSections.swift in Sources */ = {isa = PBXBuildFile; fileRef = B10000000000000000000021B /* Views/AddExpenseFormSections.swift */; };
		B10000000000000000000012 /* TemplatePickerView.swift in Sources */ = {isa = PBXBuildFile; fileRef = B10000000000000000000022 /* Views/TemplatePickerView.swift */; };
		B10000000000000000000013 /* ExpenseRowView.swift in Sources */ = {isa = PBXBuildFile; fileRef = B10000000000000000000023 /* Views/ExpenseRowView.swift */; };
		B10000000000000000000014 /* ExpenseDetailsView.swift in Sources */ = {isa = PBXBuildFile; fileRef = B10000000000000000000024 /* Views/ExpenseDetailsView.swift */; };
		B10000000000000000000015 /* ConfigView.swift in Sources */ = {isa = PBXBuildFile; fileRef = B10000000000000000000025 /* Views/ConfigView.swift */; };
		B10000000000000000000016 /* MetricCard.swift in Sources */ = {isa = PBXBuildFile; fileRef = B10000000000000000000026 /* Views/MetricCard.swift */; };
		B10000000000000000000017 /* ExpensesUI.swift in Sources */ = {isa = PBXBuildFile; fileRef = B10000000000000000000027 /* Views/ExpensesUI.swift */; };
		B10000000000000000000018 /* ReportsView.swift in Sources */ = {isa = PBXBuildFile; fileRef = B10000000000000000000028 /* Views/ReportsView.swift */; };
		B10000000000000000000019 /* YearlyWrapUpView.swift in Sources */ = {isa = PBXBuildFile; fileRef = B10000000000000000000029 /* Views/YearlyWrapUpView.swift */; };
/* End PBXBuildFile section */

/* Begin PBXFileReference section */
		F254EB9C2FCA92E500ACBAAA /* gallery.app */ = {isa = PBXFileReference; explicitFileType = wrapper.application; includeInIndex = 0; path = gallery.app; sourceTree = BUILT_PRODUCTS_DIR; };
		S00100000000000000000020 /* ShareExtension.appex */ = {isa = PBXFileReference; explicitFileType = wrapper.application; includeInIndex = 0; path = ShareExtension.appex; sourceTree = BUILT_PRODUCTS_DIR; };
		F254EB9F2FCA92E500ACBAAA /* galleryApp.swift */ = {isa = PBXFileReference; lastKnownFileType = sourcecode.swift; path = galleryApp.swift; sourceTree = "<group>"; };
		A10000000000000000000021 /* AppCore.swift */ = {isa = PBXFileReference; lastKnownFileType = sourcecode.swift; path = AppCore.swift; sourceTree = "<group>"; };
		A10000000000000000000022 /* AppViews.swift */ = {isa = PBXFileReference; lastKnownFileType = sourcecode.swift; path = AppViews.swift; sourceTree = "<group>"; };
		A10000000000000000000023 /* MLKitExpenseAssistant.swift */ = {isa = PBXFileReference; lastKnownFileType = sourcecode.swift; path = MLKitExpenseAssistant.swift; sourceTree = "<group>"; };
		F254EBA12FCA92E500ACBAAA /* ContentView.swift */ = {isa = PBXFileReference; lastKnownFileType = sourcecode.swift; path = ContentView.swift; sourceTree = "<group>"; };
		F254EBA32FCA92E600ACBAAA /* Assets.xcassets */ = {isa = PBXFileReference; lastKnownFileType = folder.assetcatalog; path = Assets.xcassets; sourceTree = "<group>"; };
		F254EBA62FCA92E600ACBAAA /* Preview Assets.xcassets */ = {isa = PBXFileReference; lastKnownFileType = folder.assetcatalog; path = "Preview Assets.xcassets"; sourceTree = "<group>"; };
		F254EBA82FCA92E600ACBAAA /* Persistence.swift */ = {isa = PBXFileReference; lastKnownFileType = sourcecode.swift; path = Persistence.swift; sourceTree = "<group>"; };
		S00100000000000000000021 /* ShareViewController.swift */ = {isa = PBXFileReference; lastKnownFileType = sourcecode.swift; path = ../ShareExtension/ShareViewController.swift; sourceTree = "<group>"; };
		S00100000000000000000022 /* ShareExtension/Info.plist */ = {isa = PBXFileReference; lastKnownFileType = text.plist.xml; path = ../ShareExtension/Info.plist; sourceTree = "<group>"; };
		S00100000000000000000023 /* ShareExtension/ShareExtension.entitlements */ = {isa = PBXFileReference; lastKnownFileType = text.plist.xml; path = ../ShareExtension/ShareExtension.entitlements; sourceTree = "<group>"; };
		S00100000000000000000024 /* Entitlements/App.entitlements */ = {isa = PBXFileReference; lastKnownFileType = text.plist.xml; path = Entitlements/App.entitlements; sourceTree = "<group>"; };
		F254EBAB2FCA92E600ACBAAA /* gallery.xcdatamodel */ = {isa = PBXFileReference; lastKnownFileType = wrapper.xcdatamodel; path = gallery.xcdatamodel; sourceTree = "<group>"; };

		B10000000000000000000021 /* Views/AddExpenseView.swift */ = {isa = PBXFileReference; lastKnownFileType = sourcecode.swift; path = "gallery/Views/AddExpenseView.swift"; sourceTree = SOURCE_ROOT; };
		B10000000000000000000021B /* Views/AddExpenseFormSections.swift */ = {isa = PBXFileReference; lastKnownFileType = sourcecode.swift; path = "gallery/Views/AddExpenseFormSections.swift"; sourceTree = SOURCE_ROOT; };
		B10000000000000000000022 /* Views/TemplatePickerView.swift */ = {isa = PBXFileReference; lastKnownFileType = sourcecode.swift; path = "gallery/Views/TemplatePickerView.swift"; sourceTree = SOURCE_ROOT; };
		B10000000000000000000023 /* Views/ExpenseRowView.swift */ = {isa = PBXFileReference; lastKnownFileType = sourcecode.swift; path = "gallery/Views/ExpenseRowView.swift"; sourceTree = SOURCE_ROOT; };
		B10000000000000000000024 /* Views/ExpenseDetailsView.swift */ = {isa = PBXFileReference; lastKnownFileType = sourcecode.swift; path = "gallery/Views/ExpenseDetailsView.swift"; sourceTree = SOURCE_ROOT; };
		B10000000000000000000025 /* Views/ConfigView.swift */ = {isa = PBXFileReference; lastKnownFileType = sourcecode.swift; path = "gallery/Views/ConfigView.swift"; sourceTree = SOURCE_ROOT; };
		B10000000000000000000026 /* Views/MetricCard.swift */ = {isa = PBXFileReference; lastKnownFileType = sourcecode.swift; path = "gallery/Views/MetricCard.swift"; sourceTree = SOURCE_ROOT; };
		B10000000000000000000027 /* Views/ExpensesUI.swift */ = {isa = PBXFileReference; lastKnownFileType = sourcecode.swift; path = "gallery/Views/ExpensesUI.swift"; sourceTree = SOURCE_ROOT; };
		B10000000000000000000028 /* Views/ReportsView.swift */ = {isa = PBXFileReference; lastKnownFileType = sourcecode.swift; path = "gallery/Views/ReportsView.swift"; sourceTree = SOURCE_ROOT; };
		B10000000000000000000029 /* Views/YearlyWrapUpView.swift */ = {isa = PBXFileReference; lastKnownFileType = sourcecode.swift; path = "gallery/Views/YearlyWrapUpView.swift"; sourceTree = SOURCE_ROOT; };

/* Begin PBXFrameworksBuildPhase section */
		F254EB992FCA92E500ACBAAA /* Frameworks */ = {
			isa = PBXFrameworksBuildPhase;
			buildActionMask = 2147483647;
			files = (
			);
			runOnlyForDeploymentPostprocessing = 0;
		};

		S00100000000000000000033 /* Embed App Extensions */ = {
			isa = PBXCopyFilesBuildPhase;
			buildActionMask = 2147483647;
			name = "Embed App Extensions";
			files = (
				S00100000000000000000014 /* ShareExtension.appex in Embed App Extensions */,
			);
			dstPath = "";
			dstSubfolderSpec = 13;
			runOnlyForDeploymentPostprocessing = 0;
		};
/* End PBXFrameworksBuildPhase section */

/* Begin PBXGroup section */
		F254EB932FCA92E500ACBAAA = {
			isa = PBXGroup;
			children = (
				F254EB9E2FCA92E500ACBAAA /* gallery */,
				F254EB9D2FCA92E500ACBAAA /* Products */,
			);
			sourceTree = "<group>";
		};
		F254EB9D2FCA92E500ACBAAA /* Products */ = {
			isa = PBXGroup;
			children = (
				F254EB9C2FCA92E500ACBAAA /* gallery.app */,
				S00100000000000000000020 /* ShareExtension.appex */,
			);
			name = Products;
			sourceTree = "<group>";
		};
		F254EB9E2FCA92E500ACBAAA /* gallery */ = {
			isa = PBXGroup;
			children = (
				F254EB9F2FCA92E500ACBAAA /* galleryApp.swift */,
				A10000000000000000000021 /* AppCore.swift */,
				A10000000000000000000022 /* AppViews.swift */,
				A10000000000000000000023 /* MLKitExpenseAssistant.swift */,
				F254EBA12FCA92E500ACBAAA /* ContentView.swift */,
				F254EBA32FCA92E600ACBAAA /* Assets.xcassets */,
				F254EBA82FCA92E600ACBAAA /* Persistence.swift */,
				F254EBAA2FCA92E600ACBAAA /* gallery.xcdatamodeld */,
				F254EBA52FCA92E600ACBAAA /* Preview Content */,
				S00100000000000000000001 /* ShareExtension */,
				B10000000000000000000021 /* Views/AddExpenseView.swift */,
				B10000000000000000000022 /* Views/TemplatePickerView.swift */,
				B10000000000000000000023 /* Views/ExpenseRowView.swift */,
				B10000000000000000000024 /* Views/ExpenseDetailsView.swift */,
				B10000000000000000000025 /* Views/ConfigView.swift */,
				B10000000000000000000026 /* Views/MetricCard.swift */,
				B10000000000000000000027 /* Views/ExpensesUI.swift */,
				B10000000000000000000028 /* Views/ReportsView.swift */,
				B10000000000000000000029 /* Views/YearlyWrapUpView.swift */,
			);
			path = gallery; 
			sourceTree = "<group>";
		};
		F254EBA52FCA92E600ACBAAA /* Preview Content */ = {
			isa = PBXGroup;
			children = (
				F254EBA62FCA92E600ACBAAA /* Preview Assets.xcassets */,
			);
			path = "Preview Content";
			sourceTree = "<group>";
		};
		S00100000000000000000001 /* ShareExtension */ = {
			isa = PBXGroup;
			children = (
				S00100000000000000000021 /* ShareViewController.swift */,
				S00100000000000000000022 /* ShareExtension/Info.plist */,
				S00100000000000000000023 /* ShareExtension/ShareExtension.entitlements */,
			);
			path = "ShareExtension";
			sourceTree = "<group>";
		};
/* End PBXGroup section */

/* Begin PBXNativeTarget section */
		F254EB9B2FCA92E500ACBAAA /* gallery */ = {
			isa = PBXNativeTarget;
			buildConfigurationList = F254EBAF2FCA92E600ACBAAA /* Build configuration list for PBXNativeTarget "gallery" */;
			buildPhases = (
				F254EB982FCA92E500ACBAAA /* Sources */,
				F254EB992FCA92E500ACBAAA /* Frameworks */,
				S00100000000000000000033 /* Embed App Extensions */,
				F254EB9A2FCA92E500ACBAAA /* Resources */,
			);
			buildRules = (
			);
			dependencies = (
				S00100000000000000000071 /* ExpensarShare */,
			);
			name = gallery;
			productName = gallery;
			productReference = F254EB9C2FCA92E500ACBAAA /* gallery.app */;
			productType = "com.apple.product-type.application";
		};
		S00100000000000000000041 /* ExpensarShare */ = {
			isa = PBXNativeTarget;
			buildConfigurationList = S00100000000000000000051 /* Build configuration list for PBXNativeTarget "ExpensarShare" */;
			buildPhases = (
				S00100000000000000000031 /* ShareExtension Sources */,
				F254EB992FCA92E500ACBAAA /* Frameworks */,
				S00100000000000000000032 /* ShareExtension Resources */,
			);
			buildRules = (
			);
			dependencies = (
			);
			name = ExpensarShare;
			productName = ExpensarShare;
			productReference = S00100000000000000000020 /* ShareExtension.appex */;
			productType = "com.apple.product-type.app-extension";
		};

		S00100000000000000000070 /* ExpensarShare Proxy */ = {
			isa = PBXContainerItemProxy;
			containerPortal = F254EB942FCA92E500ACBAAA /* Project object */;
			proxyType = 1;
			remoteGlobalIDString = S00100000000000000000041 /* ExpensarShare */;
			remoteInfo = ExpensarShare;
		};

		S00100000000000000000071 /* ExpensarShare */ = {
			isa = PBXTargetDependency;
			target = S00100000000000000000041 /* ExpensarShare */;
			targetProxy = S00100000000000000000070 /* ExpensarShare Proxy */;
		};
/* End PBXNativeTarget section */

/* Begin PBXProject section */
		F254EB942FCA92E500ACBAAA /* Project object */ = {
			isa = PBXProject;
			attributes = {
				BuildIndependentTargetsInParallel = 1;
				LastSwiftUpdateCheck = 1420;
				LastUpgradeCheck = 1420;
				TargetAttributes = {
					F254EB9B2FCA92E500ACBAAA = {
						CreatedOnToolsVersion = 14.2;
					};
				};
			};
			buildConfigurationList = F254EB972FCA92E500ACBAAA /* Build configuration list for PBXProject "gallery" */;
			compatibilityVersion = "Xcode 14.0";
			developmentRegion = en;
			hasScannedForEncodings = 0;
			knownRegions = (
				en,
				Base,
			);
			mainGroup = F254EB932FCA92E500ACBAAA;
			productRefGroup = F254EB9D2FCA92E500ACBAAA /* Products */;
			projectDirPath = "";
			projectRoot = "";
			targets = (
				F254EB9B2FCA92E500ACBAAA /* gallery */,
				S00100000000000000000041 /* ExpensarShare */,
			);
		};
/* End PBXProject section */

/* Begin PBXResourcesBuildPhase section */
		F254EB9A2FCA92E500ACBAAA /* Resources */ = {
			isa = PBXResourcesBuildPhase;
			buildActionMask = 2147483647;
			files = (
				F254EBA72FCA92E600ACBAAA /* Preview Assets.xcassets in Resources */,
				F254EBA42FCA92E600ACBAAA /* Assets.xcassets in Resources */,
			);
			runOnlyForDeploymentPostprocessing = 0;
		};

		/* removed duplicate ShareExtension product file reference */
/* End PBXResourcesBuildPhase section */

/* Begin PBXSourcesBuildPhase section */
		F254EB982FCA92E500ACBAAA /* Sources */ = {
			isa = PBXSourcesBuildPhase;
			buildActionMask = 2147483647;
			files = (
				F254EBAC2FCA92E600ACBAAA /* gallery.xcdatamodeld in Sources */,
				A10000000000000000000011 /* AppCore.swift in Sources */,
				A10000000000000000000012 /* AppViews.swift in Sources */,
				A10000000000000000000013 /* MLKitExpenseAssistant.swift in Sources */,
				F254EBA92FCA92E600ACBAAA /* Persistence.swift in Sources */,
				F254EBA22FCA92E500ACBAAA /* ContentView.swift in Sources */,
				F254EBA02FCA92E500ACBAAA /* galleryApp.swift in Sources */,

				B10000000000000000000011 /* AddExpenseView.swift in Sources */,
		B10000000000000000000011B /* AddExpenseFormSections.swift in Sources */,
				B10000000000000000000012 /* TemplatePickerView.swift in Sources */,
				B10000000000000000000013 /* ExpenseRowView.swift in Sources */,
				B10000000000000000000014 /* ExpenseDetailsView.swift in Sources */,
				B10000000000000000000015 /* ConfigView.swift in Sources */,
				B10000000000000000000016 /* MetricCard.swift in Sources */,
				B10000000000000000000017 /* ExpensesUI.swift in Sources */,
				B10000000000000000000018 /* ReportsView.swift in Sources */,
				B10000000000000000000019 /* YearlyWrapUpView.swift in Sources */,
			);
			runOnlyForDeploymentPostprocessing = 0;
		};
		S00100000000000000000031 /* ShareExtension Sources */ = {
			isa = PBXSourcesBuildPhase;
			buildActionMask = 2147483647;
			files = (
				S00100000000000000000011 /* ShareViewController.swift in Sources */,
			);
			runOnlyForDeploymentPostprocessing = 0;
		};

		S00100000000000000000032 /* ShareExtension Resources */ = {
			isa = PBXResourcesBuildPhase;
			buildActionMask = 2147483647;
			files = (
				/* Resources intentionally left: no Info.plist or entitlements here */
			);
			runOnlyForDeploymentPostprocessing = 0;
		};
/* End PBXSourcesBuildPhase section */

/* Begin XCBuildConfiguration section */
		F254EBAD2FCA92E600ACBAAA /* Debug */ = {
			isa = XCBuildConfiguration;
			buildSettings = {
				ALWAYS_SEARCH_USER_PATHS = NO;
				CLANG_ANALYZER_NONNULL = YES;
				CLANG_ANALYZER_NUMBER_OBJECT_CONVERSION = YES_AGGRESSIVE;
				CLANG_CXX_LANGUAGE_STANDARD = "gnu++20";
				CLANG_ENABLE_MODULES = YES;
				CLANG_ENABLE_OBJC_ARC = YES;
				CLANG_ENABLE_OBJC_WEAK = YES;
				CLANG_WARN_BLOCK_CAPTURE_AUTORELEASING = YES;
				CLANG_WARN_BOOL_CONVERSION = YES;
				CLANG_WARN_COMMA = YES;
				CLANG_WARN_CONSTANT_CONVERSION = YES;
				CLANG_WARN_DEPRECATED_OBJC_IMPLEMENTATIONS = YES;
				CLANG_WARN_DIRECT_OBJC_ISA_USAGE = YES_ERROR;
				CLANG_WARN_DOCUMENTATION_COMMENTS = YES;
				CLANG_WARN_EMPTY_BODY = YES;
				CLANG_WARN_ENUM_CONVERSION = YES;
				CLANG_WARN_INFINITE_RECURSION = YES;
				CLANG_WARN_INT_CONVERSION = YES;
				CLANG_WARN_NON_LITERAL_NULL_CONVERSION = YES;
				CLANG_WARN_OBJC_IMPLICIT_RETAIN_SELF = YES;
				CLANG_WARN_OBJC_LITERAL_CONVERSION = YES;
				CLANG_WARN_OBJC_ROOT_CLASS = YES_ERROR;
				CLANG_WARN_QUOTED_INCLUDE_IN_FRAMEWORK_HEADER = YES;
				CLANG_WARN_RANGE_LOOP_ANALYSIS = YES;
				CLANG_WARN_STRICT_PROTOTYPES = YES;
				CLANG_WARN_SUSPICIOUS_MOVE = YES;
				CLANG_WARN_UNGUARDED_AVAILABILITY = YES_AGGRESSIVE;
				CLANG_WARN_UNREACHABLE_CODE = YES;
				CLANG_WARN__DUPLICATE_METHOD_MATCH = YES;
				COPY_PHASE_STRIP = NO;
				DEBUG_INFORMATION_FORMAT = dwarf;
				ENABLE_STRICT_OBJC_MSGSEND = YES;
				ENABLE_TESTABILITY = YES;
				GCC_C_LANGUAGE_STANDARD = gnu11;
				GCC_DYNAMIC_NO_PIC = NO;
				GCC_NO_COMMON_BLOCKS = YES;
				GCC_OPTIMIZATION_LEVEL = 0;
				GCC_PREPROCESSOR_DEFINITIONS = (
					"DEBUG=1",
					"$(inherited)",
				);
				GCC_WARN_64_TO_32_BIT_CONVERSION = YES;
				GCC_WARN_ABOUT_RETURN_TYPE = YES_ERROR;
				GCC_WARN_UNDECLARED_SELECTOR = YES;
				GCC_WARN_UNINITIALIZED_AUTOS = YES_AGGRESSIVE;
				GCC_WARN_UNUSED_FUNCTION = YES;
				GCC_WARN_UNUSED_VARIABLE = YES;
				IPHONEOS_DEPLOYMENT_TARGET = 16.2;
				MTL_ENABLE_DEBUG_INFO = INCLUDE_SOURCE;
				MTL_FAST_MATH = YES;
				ONLY_ACTIVE_ARCH = YES;
				SDKROOT = iphoneos;
				SWIFT_ACTIVE_COMPILATION_CONDITIONS = DEBUG;
				SWIFT_OPTIMIZATION_LEVEL = "-Onone";
			};
			name = Debug;
		};
		S00100000000000000000061 /* Debug */ = {
			isa = XCBuildConfiguration;
			buildSettings = {
				PRODUCT_BUNDLE_IDENTIFIER = com.netdots.gallery.share;
				PRODUCT_NAME = ExpensarShare;
				INFOPLIST_FILE = ShareExtension/Info.plist;
				CODE_SIGN_ENTITLEMENTS = ShareExtension/ShareExtension.entitlements;
				IPHONEOS_DEPLOYMENT_TARGET = 16.2;
				SDKROOT = iphoneos;
				SWIFT_VERSION = 5.0;
			};
			name = Debug;
		};
		F254EBAE2FCA92E600ACBAAA /* Release */ = {
			isa = XCBuildConfiguration;
			buildSettings = {
				ALWAYS_SEARCH_USER_PATHS = NO;
				CLANG_ANALYZER_NONNULL = YES;
				CLANG_ANALYZER_NUMBER_OBJECT_CONVERSION = YES_AGGRESSIVE;
				CLANG_CXX_LANGUAGE_STANDARD = "gnu++20";
				CLANG_ENABLE_MODULES = YES;
				CLANG_ENABLE_OBJC_ARC = YES;
				CLANG_ENABLE_OBJC_WEAK = YES;
				CLANG_WARN_BLOCK_CAPTURE_AUTORELEASING = YES;
				CLANG_WARN_BOOL_CONVERSION = YES;
				CLANG_WARN_COMMA = YES;
				CLANG_WARN_CONSTANT_CONVERSION = YES;
				CLANG_WARN_DEPRECATED_OBJC_IMPLEMENTATIONS = YES;
				CLANG_WARN_DIRECT_OBJC_ISA_USAGE = YES_ERROR;
				CLANG_WARN_DOCUMENTATION_COMMENTS = YES;
				CLANG_WARN_EMPTY_BODY = YES;
				CLANG_WARN_ENUM_CONVERSION = YES;
				CLANG_WARN_INFINITE_RECURSION = YES;
				CLANG_WARN_INT_CONVERSION = YES;
				CLANG_WARN_NON_LITERAL_NULL_CONVERSION = YES;
				CLANG_WARN_OBJC_IMPLICIT_RETAIN_SELF = YES;
				CLANG_WARN_OBJC_LITERAL_CONVERSION = YES;
				CLANG_WARN_OBJC_ROOT_CLASS = YES_ERROR;
				CLANG_WARN_QUOTED_INCLUDE_IN_FRAMEWORK_HEADER = YES;
				CLANG_WARN_RANGE_LOOP_ANALYSIS = YES;
				CLANG_WARN_STRICT_PROTOTYPES = YES;
				CLANG_WARN_SUSPICIOUS_MOVE = YES;
				CLANG_WARN_UNGUARDED_AVAILABILITY = YES_AGGRESSIVE;
				CLANG_WARN_UNREACHABLE_CODE = YES;
				CLANG_WARN__DUPLICATE_METHOD_MATCH = YES;
				COPY_PHASE_STRIP = NO;
				DEBUG_INFORMATION_FORMAT = "dwarf-with-dsym";
				ENABLE_NS_ASSERTIONS = NO;
				ENABLE_STRICT_OBJC_MSGSEND = YES;
				GCC_C_LANGUAGE_STANDARD = gnu11;
				GCC_NO_COMMON_BLOCKS = YES;
				GCC_WARN_64_TO_32_BIT_CONVERSION = YES;
				GCC_WARN_ABOUT_RETURN_TYPE = YES_ERROR;
				GCC_WARN_UNDECLARED_SELECTOR = YES;
				GCC_WARN_UNINITIALIZED_AUTOS = YES_AGGRESSIVE;
				GCC_WARN_UNUSED_FUNCTION = YES;
				GCC_WARN_UNUSED_VARIABLE = YES;
				IPHONEOS_DEPLOYMENT_TARGET = 16.2;
				MTL_ENABLE_DEBUG_INFO = NO;
				MTL_FAST_MATH = YES;
				SDKROOT = iphoneos;
				SWIFT_COMPILATION_MODE = wholemodule;
				SWIFT_OPTIMIZATION_LEVEL = "-O";
				VALIDATE_PRODUCT = YES;
			};
			name = Release;
		};
		S00100000000000000000062 /* Release */ = {
			isa = XCBuildConfiguration;
			buildSettings = {
				PRODUCT_BUNDLE_IDENTIFIER = com.netdots.gallery.share;
				PRODUCT_NAME = ExpensarShare;
				INFOPLIST_FILE = ShareExtension/Info.plist;
				CODE_SIGN_ENTITLEMENTS = ShareExtension/ShareExtension.entitlements;
				IPHONEOS_DEPLOYMENT_TARGET = 16.2;
				SDKROOT = iphoneos;
				SWIFT_VERSION = 5.0;
			};
			name = Release;
		};
		F254EBB02FCA92E600ACBAAA /* Debug */ = {
			isa = XCBuildConfiguration;
			buildSettings = {
				ASSETCATALOG_COMPILER_APPICON_NAME = AppIcon;
				ASSETCATALOG_COMPILER_GLOBAL_ACCENT_COLOR_NAME = AccentColor;
				CODE_SIGN_STYLE = Automatic;
				CURRENT_PROJECT_VERSION = 1;
				DEVELOPMENT_ASSET_PATHS = "\"gallery/Preview Content\"";
				DEVELOPMENT_TEAM = U968U5VNGG;
				ENABLE_PREVIEWS = YES;
				GENERATE_INFOPLIST_FILE = YES;
				INFOPLIST_KEY_CFBundleDisplayName = expensar;
				INFOPLIST_KEY_CFBundleURLTypes = "[{CFBundleURLName=expensar.share;CFBundleURLSchemes=(expensar);} ]";
				INFOPLIST_KEY_NSCameraUsageDescription = "Allow access to attach bill photos.";
				INFOPLIST_KEY_NSLocationWhenInUseUsageDescription = "Allow access to tag expenses with your current location.";
				INFOPLIST_KEY_NSMicrophoneUsageDescription = "Allow microphone access for voice entry.";
				INFOPLIST_KEY_NSPhotoLibraryUsageDescription = "Allow access to attach receipt photos.";
				INFOPLIST_KEY_NSSpeechRecognitionUsageDescription = "Allow speech recognition for voice-based expense entry.";
				INFOPLIST_KEY_UIApplicationSceneManifest_Generation = YES;
				INFOPLIST_KEY_UIApplicationSupportsIndirectInputEvents = YES;
				INFOPLIST_KEY_UILaunchScreen_Generation = YES;
				INFOPLIST_KEY_UISupportedInterfaceOrientations_iPad = "UIInterfaceOrientationPortrait UIInterfaceOrientationPortraitUpsideDown UIInterfaceOrientationLandscapeLeft UIInterfaceOrientationLandscapeRight";
				INFOPLIST_KEY_UISupportedInterfaceOrientations_iPhone = "UIInterfaceOrientationPortrait UIInterfaceOrientationLandscapeLeft UIInterfaceOrientationLandscapeRight";
				LD_RUNPATH_SEARCH_PATHS = (
					"$(inherited)",
					"@executable_path/Frameworks",
				);
				MARKETING_VERSION = 1.0;
				PRODUCT_BUNDLE_IDENTIFIER = com.netdots.gallery;
				PRODUCT_NAME = "$(TARGET_NAME)";
				SWIFT_EMIT_LOC_STRINGS = YES;
				SWIFT_VERSION = 5.0;
				TARGETED_DEVICE_FAMILY = "1,2";
				CODE_SIGN_ENTITLEMENTS = Entitlements/App.entitlements;
			};
			name = Debug;
		};
		F254EBB12FCA92E600ACBAAA /* Release */ = {
			isa = XCBuildConfiguration;
			buildSettings = {
				ASSETCATALOG_COMPILER_APPICON_NAME = AppIcon;
				ASSETCATALOG_COMPILER_GLOBAL_ACCENT_COLOR_NAME = AccentColor;
				CODE_SIGN_STYLE = Automatic;
				CURRENT_PROJECT_VERSION = 1;
				DEVELOPMENT_ASSET_PATHS = "\"gallery/Preview Content\"";
				DEVELOPMENT_TEAM = U968U5VNGG;
				ENABLE_PREVIEWS = YES;
				GENERATE_INFOPLIST_FILE = YES;
				INFOPLIST_KEY_CFBundleDisplayName = expensar;
				INFOPLIST_KEY_CFBundleURLTypes = "[{CFBundleURLName=expensar.share;CFBundleURLSchemes=(expensar);} ]";
				INFOPLIST_KEY_NSCameraUsageDescription = "Allow access to attach bill photos.";
				INFOPLIST_KEY_NSLocationWhenInUseUsageDescription = "Allow access to tag expenses with your current location.";
				INFOPLIST_KEY_NSMicrophoneUsageDescription = "Allow microphone access for voice entry.";
				INFOPLIST_KEY_NSPhotoLibraryUsageDescription = "Allow access to attach receipt photos.";
				INFOPLIST_KEY_NSSpeechRecognitionUsageDescription = "Allow speech recognition for voice-based expense entry.";
				INFOPLIST_KEY_UIApplicationSceneManifest_Generation = YES;
				INFOPLIST_KEY_UIApplicationSupportsIndirectInputEvents = YES;
				INFOPLIST_KEY_UILaunchScreen_Generation = YES;
				INFOPLIST_KEY_UISupportedInterfaceOrientations_iPad = "UIInterfaceOrientationPortrait UIInterfaceOrientationPortraitUpsideDown UIInterfaceOrientationLandscapeLeft UIInterfaceOrientationLandscapeRight";
				INFOPLIST_KEY_UISupportedInterfaceOrientations_iPhone = "UIInterfaceOrientationPortrait UIInterfaceOrientationLandscapeLeft UIInterfaceOrientationLandscapeRight";
				LD_RUNPATH_SEARCH_PATHS = (
					"$(inherited)",
					"@executable_path/Frameworks",
				);
				MARKETING_VERSION = 1.0;
				PRODUCT_BUNDLE_IDENTIFIER = com.netdots.gallery;
				PRODUCT_NAME = "$(TARGET_NAME)";
				SWIFT_EMIT_LOC_STRINGS = YES;
				SWIFT_VERSION = 5.0;
				TARGETED_DEVICE_FAMILY = "1,2";
				CODE_SIGN_ENTITLEMENTS = Entitlements/App.entitlements;
			};
			name = Release;
		};
/* End XCBuildConfiguration section */

/* Begin XCConfigurationList section */
		F254EB972FCA92E500ACBAAA /* Build configuration list for PBXProject "gallery" */ = {
			isa = XCConfigurationList;
			buildConfigurations = (
				F254EBAD2FCA92E600ACBAAA /* Debug */,
				F254EBAE2FCA92E600ACBAAA /* Release */,
			);
			defaultConfigurationIsVisible = 0;
			defaultConfigurationName = Release;
		};
		S00100000000000000000051 /* Build configuration list for PBXNativeTarget "ExpensarShare" */ = {
			isa = XCConfigurationList;
			buildConfigurations = (
				S00100000000000000000061 /* Debug */,
				S00100000000000000000062 /* Release */,
			);
			defaultConfigurationIsVisible = 0;
			defaultConfigurationName = Release;
		};
		F254EBAF2FCA92E600ACBAAA /* Build configuration list for PBXNativeTarget "gallery" */ = {
			isa = XCConfigurationList;
			buildConfigurations = (
				F254EBB02FCA92E600ACBAAA /* Debug */,
				F254EBB12FCA92E600ACBAAA /* Release */,
			);
			defaultConfigurationIsVisible = 0;
			defaultConfigurationName = Release;
		};
/* End XCConfigurationList section */

/* Begin XCVersionGroup section */
		F254EBAA2FCA92E600ACBAAA /* gallery.xcdatamodeld */ = {
			isa = XCVersionGroup;
			children = (
				F254EBAB2FCA92E600ACBAAA /* gallery.xcdatamodel */,
			);
			currentVersion = F254EBAB2FCA92E600ACBAAA /* gallery.xcdatamodel */;
			path = gallery.xcdatamodeld;
			sourceTree = "<group>";
			versionGroupType = wrapper.xcdatamodel;
		};
/* End XCVersionGroup section */
	};
	rootObject = F254EB942FCA92E500ACBAAA /* Project object */;
}
